
Microsoft Visual Studio Solution File, Format Version 12.00
# Visual Studio Version 16
VisualStudioVersion = 16.0.30413.136
MinimumVisualStudioVersion = 10.0.40219.1
Project("{9A19103F-16F7-4668-BE54-9A1E7A4F7556}") = "Net5.PracticalDemo", "Net5.PracticalDemo.csproj", "{787EAE21-C5BE-4076-B13F-3FAC3B34E07E}"
EndProject
Project("{9A19103F-16F7-4668-BE54-9A1E7A4F7556}") = "AspNetrCore.Interface", "..\AspNetrCore.interface\AspNetrCore.Interface.csproj", "{9B561C75-9939-4B31-9ADE-FF929D1AD099}"
EndProject
Project("{9A19103F-16F7-4668-BE54-9A1E7A4F7556}") = "AspNetCore.Service", "..\AspNetCore.Service\AspNetCore.Service.csproj", "{A55D0E14-8377-4199-B4AD-3622AD843E2A}"
EndProject
Global
	GlobalSection(SolutionConfigurationPlatforms) = preSolution
		Debug|Any CPU = Debug|Any CPU
		Release|Any CPU = Release|Any CPU
	EndGlobalSection
	GlobalSection(ProjectConfigurationPlatforms) = postSolution
		{787EAE21-C5BE-4076-B13F-3FAC3B34E07E}.Debug|Any CPU.ActiveCfg = Debug|Any CPU
		{787EAE21-C5BE-4076-B13F-3FAC3B34E07E}.Debug|Any CPU.Build.0 = Debug|Any CPU
		{787EAE21-C5BE-4076-B13F-3FAC3B34E07E}.Release|Any CPU.ActiveCfg = Release|Any CPU
		{787EAE21-C5BE-4076-B13F-3FAC3B34E07E}.Release|Any CPU.Build.0 = Release|Any CPU
		{9B561C75-9939-4B31-9ADE-FF929D1AD099}.Debug|Any CPU.ActiveCfg = Debug|Any CPU
		{9B561C75-9939-4B31-9ADE-FF929D1AD099}.Debug|Any CPU.Build.0 = Debug|Any CPU
		{9B561C75-9939-4B31-9ADE-FF929D1AD099}.Release|Any CPU.ActiveCfg = Release|Any CPU
		{9B561C75-9939-4B31-9ADE-FF929D1AD099}.Release|Any CPU.Build.0 = Release|Any CPU
		{A55D0E14-8377-4199-B4AD-3622AD843E2A}.Debug|Any CPU.ActiveCfg = Debug|Any CPU
		{A55D0E14-8377-4199-B4AD-3622AD843E2A}.Debug|Any CPU.Build.0 = Debug|Any CPU
		{A55D0E14-8377-4199-B4AD-3622AD843E2A}.Release|Any CPU.ActiveCfg = Release|Any CPU
		{A55D0E14-8377-4199-B4AD-3622AD843E2A}.Release|Any CPU.Build.0 = Release|Any CPU
	EndGlobalSection
	GlobalSection(SolutionProperties) = preSolution
		HideSolutionNode = FALSE
	EndGlobalSection
	GlobalSection(ExtensibilityGlobals) = postSolution
		SolutionGuid = {3E4FAC0A-12FA-4E03-BF9C-0839649FDAE3}
	EndGlobalSection
EndGlobal
